
Microsoft Visual Studio Solution File, Format Version 12.00
# Visual Studio Version 17
VisualStudioVersion = 17.0.31903.59
MinimumVisualStudioVersion = 10.0.40219.1
Project("{2150E333-8FDC-42A3-9474-1A3956D46DE8}") = "Core", "Core", "{E844976B-226E-4A9B-82A9-E1606E851364}"
EndProject
Project("{FAE04EC0-301F-11D3-BF4B-00C04F79EFBC}") = "pasc24.application", "Core\pasc24.application\pasc24.application.csproj", "{0406B53F-399E-4298-8809-83D973684B6C}"
EndProject
Project("{FAE04EC0-301F-11D3-BF4B-00C04F79EFBC}") = "pasc24.domain", "Core\pasc24.domain\pasc24.domain.csproj", "{4DAB413A-8FA7-465A-8943-67A36073022F}"
EndProject
Project("{2150E333-8FDC-42A3-9474-1A3956D46DE8}") = "Services", "Services", "{BDFB4FA2-480A-40D1-9D7E-2069F4FD08FD}"
EndProject
Project("{FAE04EC0-301F-11D3-BF4B-00C04F79EFBC}") = "pasc24.data", "Services\pasc24.data\pasc24.data.csproj", "{CA4C66F0-82B1-418F-956A-12A0B31A8C74}"
EndProject
Project("{FAE04EC0-301F-11D3-BF4B-00C04F79EFBC}") = "pasc24.service", "Services\pasc24.service\pasc24.service.csproj", "{86FA6EC2-0C8A-43EE-AAC8-E7E11DD42701}"
EndProject
Project("{2150E333-8FDC-42A3-9474-1A3956D46DE8}") = "Extern", "Extern", "{5014F509-6C9C-4395-AB65-517C5B10CBD4}"
EndProject
Project("{FAE04EC0-301F-11D3-BF4B-00C04F79EFBC}") = "pasc24.api", "Extern\pasc24.api\pasc24.api.csproj", "{11DA6C1E-3029-4B95-B2BE-67541C861EDE}"
EndProject
Project("{2150E333-8FDC-42A3-9474-1A3956D46DE8}") = "Test", "Test", "{4CF87426-837A-49A5-BB0C-F1D729998606}"
EndProject
Project("{FAE04EC0-301F-11D3-BF4B-00C04F79EFBC}") = "pasc24.api.test", "Test\pasc24.api.test\pasc24.api.test.csproj", "{B6D5154D-F732-44D4-9C7C-0A967D9001EF}"
EndProject
Project("{FAE04EC0-301F-11D3-BF4B-00C04F79EFBC}") = "pasc24.application.test", "Test\pasc24.application.test\pasc24.application.test.csproj", "{088903B9-A5DB-40BE-9DEB-772F3AA5A58F}"
EndProject
Project("{FAE04EC0-301F-11D3-BF4B-00C04F79EFBC}") = "pasc24.infra.test", "Test\pasc24.infra.test\pasc24.infra.test.csproj", "{112679F5-44FA-434F-9352-943152EFB73E}"
EndProject
Project("{FAE04EC0-301F-11D3-BF4B-00C04F79EFBC}") = "pasc24.domain.test", "Test\pasc24.domain.test\pasc24.domain.test.csproj", "{C4DC7BD9-FDE0-44D1-A41F-4EF0B99E61DE}"
EndProject
Project("{FAE04EC0-301F-11D3-BF4B-00C04F79EFBC}") = "pasc24.data.test", "Test\pasc24.data.test\pasc24.data.test.csproj", "{12471BDC-7DF3-4337-82CD-A22EB53C35E0}"
EndProject
Global
	GlobalSection(SolutionConfigurationPlatforms) = preSolution
		Debug|Any CPU = Debug|Any CPU
		Release|Any CPU = Release|Any CPU
	EndGlobalSection
	GlobalSection(SolutionProperties) = preSolution
		HideSolutionNode = FALSE
	EndGlobalSection
	GlobalSection(ProjectConfigurationPlatforms) = postSolution
		{0406B53F-399E-4298-8809-83D973684B6C}.Debug|Any CPU.ActiveCfg = Debug|Any CPU
		{0406B53F-399E-4298-8809-83D973684B6C}.Debug|Any CPU.Build.0 = Debug|Any CPU
		{0406B53F-399E-4298-8809-83D973684B6C}.Release|Any CPU.ActiveCfg = Release|Any CPU
		{0406B53F-399E-4298-8809-83D973684B6C}.Release|Any CPU.Build.0 = Release|Any CPU
		{4DAB413A-8FA7-465A-8943-67A36073022F}.Debug|Any CPU.ActiveCfg = Debug|Any CPU
		{4DAB413A-8FA7-465A-8943-67A36073022F}.Debug|Any CPU.Build.0 = Debug|Any CPU
		{4DAB413A-8FA7-465A-8943-67A36073022F}.Release|Any CPU.ActiveCfg = Release|Any CPU
		{4DAB413A-8FA7-465A-8943-67A36073022F}.Release|Any CPU.Build.0 = Release|Any CPU
		{CA4C66F0-82B1-418F-956A-12A0B31A8C74}.Debug|Any CPU.ActiveCfg = Debug|Any CPU
		{CA4C66F0-82B1-418F-956A-12A0B31A8C74}.Debug|Any CPU.Build.0 = Debug|Any CPU
		{CA4C66F0-82B1-418F-956A-12A0B31A8C74}.Release|Any CPU.ActiveCfg = Release|Any CPU
		{CA4C66F0-82B1-418F-956A-12A0B31A8C74}.Release|Any CPU.Build.0 = Release|Any CPU
		{86FA6EC2-0C8A-43EE-AAC8-E7E11DD42701}.Debug|Any CPU.ActiveCfg = Debug|Any CPU
		{86FA6EC2-0C8A-43EE-AAC8-E7E11DD42701}.Debug|Any CPU.Build.0 = Debug|Any CPU
		{86FA6EC2-0C8A-43EE-AAC8-E7E11DD42701}.Release|Any CPU.ActiveCfg = Release|Any CPU
		{86FA6EC2-0C8A-43EE-AAC8-E7E11DD42701}.Release|Any CPU.Build.0 = Release|Any CPU
		{11DA6C1E-3029-4B95-B2BE-67541C861EDE}.Debug|Any CPU.ActiveCfg = Debug|Any CPU
		{11DA6C1E-3029-4B95-B2BE-67541C861EDE}.Debug|Any CPU.Build.0 = Debug|Any CPU
		{11DA6C1E-3029-4B95-B2BE-67541C861EDE}.Release|Any CPU.ActiveCfg = Release|Any CPU
		{11DA6C1E-3029-4B95-B2BE-67541C861EDE}.Release|Any CPU.Build.0 = Release|Any CPU
		{B6D5154D-F732-44D4-9C7C-0A967D9001EF}.Debug|Any CPU.ActiveCfg = Debug|Any CPU
		{B6D5154D-F732-44D4-9C7C-0A967D9001EF}.Debug|Any CPU.Build.0 = Debug|Any CPU
		{B6D5154D-F732-44D4-9C7C-0A967D9001EF}.Release|Any CPU.ActiveCfg = Release|Any CPU
		{B6D5154D-F732-44D4-9C7C-0A967D9001EF}.Release|Any CPU.Build.0 = Release|Any CPU
		{088903B9-A5DB-40BE-9DEB-772F3AA5A58F}.Debug|Any CPU.ActiveCfg = Debug|Any CPU
		{088903B9-A5DB-40BE-9DEB-772F3AA5A58F}.Debug|Any CPU.Build.0 = Debug|Any CPU
		{088903B9-A5DB-40BE-9DEB-772F3AA5A58F}.Release|Any CPU.ActiveCfg = Release|Any CPU
		{088903B9-A5DB-40BE-9DEB-772F3AA5A58F}.Release|Any CPU.Build.0 = Release|Any CPU
		{112679F5-44FA-434F-9352-943152EFB73E}.Debug|Any CPU.ActiveCfg = Debug|Any CPU
		{112679F5-44FA-434F-9352-943152EFB73E}.Debug|Any CPU.Build.0 = Debug|Any CPU
		{112679F5-44FA-434F-9352-943152EFB73E}.Release|Any CPU.ActiveCfg = Release|Any CPU
		{112679F5-44FA-434F-9352-943152EFB73E}.Release|Any CPU.Build.0 = Release|Any CPU
		{C4DC7BD9-FDE0-44D1-A41F-4EF0B99E61DE}.Debug|Any CPU.ActiveCfg = Debug|Any CPU
		{C4DC7BD9-FDE0-44D1-A41F-4EF0B99E61DE}.Debug|Any CPU.Build.0 = Debug|Any CPU
		{C4DC7BD9-FDE0-44D1-A41F-4EF0B99E61DE}.Release|Any CPU.ActiveCfg = Release|Any CPU
		{C4DC7BD9-FDE0-44D1-A41F-4EF0B99E61DE}.Release|Any CPU.Build.0 = Release|Any CPU
		{12471BDC-7DF3-4337-82CD-A22EB53C35E0}.Debug|Any CPU.ActiveCfg = Debug|Any CPU
		{12471BDC-7DF3-4337-82CD-A22EB53C35E0}.Debug|Any CPU.Build.0 = Debug|Any CPU
		{12471BDC-7DF3-4337-82CD-A22EB53C35E0}.Release|Any CPU.ActiveCfg = Release|Any CPU
		{12471BDC-7DF3-4337-82CD-A22EB53C35E0}.Release|Any CPU.Build.0 = Release|Any CPU
	EndGlobalSection
	GlobalSection(NestedProjects) = preSolution
		{0406B53F-399E-4298-8809-83D973684B6C} = {E844976B-226E-4A9B-82A9-E1606E851364}
		{4DAB413A-8FA7-465A-8943-67A36073022F} = {E844976B-226E-4A9B-82A9-E1606E851364}
		{CA4C66F0-82B1-418F-956A-12A0B31A8C74} = {BDFB4FA2-480A-40D1-9D7E-2069F4FD08FD}
		{86FA6EC2-0C8A-43EE-AAC8-E7E11DD42701} = {BDFB4FA2-480A-40D1-9D7E-2069F4FD08FD}
		{11DA6C1E-3029-4B95-B2BE-67541C861EDE} = {5014F509-6C9C-4395-AB65-517C5B10CBD4}
		{B6D5154D-F732-44D4-9C7C-0A967D9001EF} = {4CF87426-837A-49A5-BB0C-F1D729998606}
		{088903B9-A5DB-40BE-9DEB-772F3AA5A58F} = {4CF87426-837A-49A5-BB0C-F1D729998606}
		{112679F5-44FA-434F-9352-943152EFB73E} = {4CF87426-837A-49A5-BB0C-F1D729998606}
		{C4DC7BD9-FDE0-44D1-A41F-4EF0B99E61DE} = {4CF87426-837A-49A5-BB0C-F1D729998606}
		{12471BDC-7DF3-4337-82CD-A22EB53C35E0} = {4CF87426-837A-49A5-BB0C-F1D729998606}
	EndGlobalSection
EndGlobal
